
Microsoft Visual Studio Solution File, Format Version 12.00
# Visual Studio Version 17
VisualStudioVersion = 17.9.34728.123
MinimumVisualStudioVersion = 10.0.40219.1
Project("{9A19103F-16F7-4668-BE54-9A1E7A4F7556}") = "ContosoCrafts.BlazorWebsite", "ContosoCrafts.BlazorWebsite\ContosoCrafts.BlazorWebsite.csproj", "{33E29AF6-4947-497B-AEB5-01676B7317DC}"
EndProject
Global
	GlobalSection(SolutionConfigurationPlatforms) = preSolution
		Debug|Any CPU = Debug|Any CPU
		Release|Any CPU = Release|Any CPU
	EndGlobalSection
	GlobalSection(ProjectConfigurationPlatforms) = postSolution
		{33E29AF6-4947-497B-AEB5-01676B7317DC}.Debug|Any CPU.ActiveCfg = Debug|Any CPU
		{33E29AF6-4947-497B-AEB5-01676B7317DC}.Debug|Any CPU.Build.0 = Debug|Any CPU
		{33E29AF6-4947-497B-AEB5-01676B7317DC}.Release|Any CPU.ActiveCfg = Release|Any CPU
		{33E29AF6-4947-497B-AEB5-01676B7317DC}.Release|Any CPU.Build.0 = Release|Any CPU
	EndGlobalSection
	GlobalSection(SolutionProperties) = preSolution
		HideSolutionNode = FALSE
	EndGlobalSection
	GlobalSection(ExtensibilityGlobals) = postSolution
		SolutionGuid = {F42D9B16-69F2-4879-9C95-2AA942874B12}
	EndGlobalSection
EndGlobal
